
Microsoft Visual Studio Solution File, Format Version 12.00
# Visual Studio Version 17
VisualStudioVersion = 17.0.31919.166
MinimumVisualStudioVersion = 10.0.40219.1
Project("{FAE04EC0-301F-11D3-BF4B-00C04F79EFBC}") = "EasyProject", "EasyProject\EasyProject.csproj", "{DCE140E5-8653-4912-AAD7-F349744314BE}"
EndProject
Global
	GlobalSection(SolutionConfigurationPlatforms) = preSolution
		Debug|Any CPU = Debug|Any CPU
		Release|Any CPU = Release|Any CPU
	EndGlobalSection
	GlobalSection(ProjectConfigurationPlatforms) = postSolution
		{DCE140E5-8653-4912-AAD7-F349744314BE}.Debug|Any CPU.ActiveCfg = Debug|Any CPU
		{DCE140E5-8653-4912-AAD7-F349744314BE}.Debug|Any CPU.Build.0 = Debug|Any CPU
		{DCE140E5-8653-4912-AAD7-F349744314BE}.Release|Any CPU.ActiveCfg = Release|Any CPU
		{DCE140E5-8653-4912-AAD7-F349744314BE}.Release|Any CPU.Build.0 = Release|Any CPU
	EndGlobalSection
	GlobalSection(SolutionProperties) = preSolution
		HideSolutionNode = FALSE
	EndGlobalSection
	GlobalSection(ExtensibilityGlobals) = postSolution
		SolutionGuid = {F00FCF13-6883-4674-A5E3-1B5D192972CA}
	EndGlobalSection
EndGlobal
